
Microsoft Visual Studio Solution File, Format Version 12.00
# Visual Studio Version 17
VisualStudioVersion = 17.6.33829.357
MinimumVisualStudioVersion = 10.0.40219.1
Project("{FAE04EC0-301F-11D3-BF4B-00C04F79EFBC}") = "NotaFinal", "NotaFinal.csproj", "{63EA6B21-F066-450D-B634-E957D88FCA19}"
EndProject
Global
	GlobalSection(SolutionConfigurationPlatforms) = preSolution
		Debug|Any CPU = Debug|Any CPU
		Release|Any CPU = Release|Any CPU
	EndGlobalSection
	GlobalSection(ProjectConfigurationPlatforms) = postSolution
		{63EA6B21-F066-450D-B634-E957D88FCA19}.Debug|Any CPU.ActiveCfg = Debug|Any CPU
		{63EA6B21-F066-450D-B634-E957D88FCA19}.Debug|Any CPU.Build.0 = Debug|Any CPU
		{63EA6B21-F066-450D-B634-E957D88FCA19}.Release|Any CPU.ActiveCfg = Release|Any CPU
		{63EA6B21-F066-450D-B634-E957D88FCA19}.Release|Any CPU.Build.0 = Release|Any CPU
	EndGlobalSection
	GlobalSection(SolutionProperties) = preSolution
		HideSolutionNode = FALSE
	EndGlobalSection
	GlobalSection(ExtensibilityGlobals) = postSolution
		SolutionGuid = {0B4BCF2A-DCBF-45B6-BF3D-DCB60A2C9C29}
	EndGlobalSection
EndGlobal
