
Microsoft Visual Studio Solution File, Format Version 12.00
# Visual Studio Version 17
VisualStudioVersion = 17.4.33205.214
MinimumVisualStudioVersion = 10.0.40219.1
Project("{FAE04EC0-301F-11D3-BF4B-00C04F79EFBC}") = "desbloquear-usuário", "desbloquear-usuário\desbloquear-usuário.csproj", "{21BF2B3A-1785-4A97-92F3-6FE0C262AABC}"
EndProject
Global
	GlobalSection(SolutionConfigurationPlatforms) = preSolution
		Debug|Any CPU = Debug|Any CPU
		Release|Any CPU = Release|Any CPU
	EndGlobalSection
	GlobalSection(ProjectConfigurationPlatforms) = postSolution
		{21BF2B3A-1785-4A97-92F3-6FE0C262AABC}.Debug|Any CPU.ActiveCfg = Debug|Any CPU
		{21BF2B3A-1785-4A97-92F3-6FE0C262AABC}.Debug|Any CPU.Build.0 = Debug|Any CPU
		{21BF2B3A-1785-4A97-92F3-6FE0C262AABC}.Release|Any CPU.ActiveCfg = Release|Any CPU
		{21BF2B3A-1785-4A97-92F3-6FE0C262AABC}.Release|Any CPU.Build.0 = Release|Any CPU
	EndGlobalSection
	GlobalSection(SolutionProperties) = preSolution
		HideSolutionNode = FALSE
	EndGlobalSection
	GlobalSection(ExtensibilityGlobals) = postSolution
		SolutionGuid = {440C3ED8-DE99-4BA1-8C41-580D682027C4}
	EndGlobalSection
EndGlobal
