
Microsoft Visual Studio Solution File, Format Version 12.00
# Visual Studio Version 17
VisualStudioVersion = 17.6.33829.357
MinimumVisualStudioVersion = 10.0.40219.1
Project("{FAE04EC0-301F-11D3-BF4B-00C04F79EFBC}") = "PequenaCalculadora", "PequenaCalculadora.csproj", "{0367160A-1856-48B1-A573-48CCFAB79697}"
EndProject
Global
	GlobalSection(SolutionConfigurationPlatforms) = preSolution
		Debug|Any CPU = Debug|Any CPU
		Release|Any CPU = Release|Any CPU
	EndGlobalSection
	GlobalSection(ProjectConfigurationPlatforms) = postSolution
		{0367160A-1856-48B1-A573-48CCFAB79697}.Debug|Any CPU.ActiveCfg = Debug|Any CPU
		{0367160A-1856-48B1-A573-48CCFAB79697}.Debug|Any CPU.Build.0 = Debug|Any CPU
		{0367160A-1856-48B1-A573-48CCFAB79697}.Release|Any CPU.ActiveCfg = Release|Any CPU
		{0367160A-1856-48B1-A573-48CCFAB79697}.Release|Any CPU.Build.0 = Release|Any CPU
	EndGlobalSection
	GlobalSection(SolutionProperties) = preSolution
		HideSolutionNode = FALSE
	EndGlobalSection
	GlobalSection(ExtensibilityGlobals) = postSolution
		SolutionGuid = {189493B2-B1D9-4AB2-BC25-2829A3A42426}
	EndGlobalSection
EndGlobal
